
Microsoft Visual Studio Solution File, Format Version 12.00
Project("{FAE04EC0-301F-11D3-BF4B-00C04F79EFBC}") = "ChatAPI", "ChatAPI\ChatAPI.csproj", "{B8BC6EAF-A3A9-48A7-8C9B-A870999E63B3}"
EndProject
Project("{FAE04EC0-301F-11D3-BF4B-00C04F79EFBC}") = "ChatServer", "ChatServer\ChatServer.csproj", "{5304A782-E42C-4FBD-9267-1536379804F9}"
EndProject
Global
	GlobalSection(SolutionConfigurationPlatforms) = preSolution
		Debug|Any CPU = Debug|Any CPU
		Release|Any CPU = Release|Any CPU
	EndGlobalSection
	GlobalSection(ProjectConfigurationPlatforms) = postSolution
		{B8BC6EAF-A3A9-48A7-8C9B-A870999E63B3}.Debug|Any CPU.ActiveCfg = Debug|Any CPU
		{B8BC6EAF-A3A9-48A7-8C9B-A870999E63B3}.Debug|Any CPU.Build.0 = Debug|Any CPU
		{B8BC6EAF-A3A9-48A7-8C9B-A870999E63B3}.Release|Any CPU.ActiveCfg = Release|Any CPU
		{B8BC6EAF-A3A9-48A7-8C9B-A870999E63B3}.Release|Any CPU.Build.0 = Release|Any CPU
		{5304A782-E42C-4FBD-9267-1536379804F9}.Debug|Any CPU.ActiveCfg = Debug|Any CPU
		{5304A782-E42C-4FBD-9267-1536379804F9}.Debug|Any CPU.Build.0 = Debug|Any CPU
		{5304A782-E42C-4FBD-9267-1536379804F9}.Release|Any CPU.ActiveCfg = Release|Any CPU
		{5304A782-E42C-4FBD-9267-1536379804F9}.Release|Any CPU.Build.0 = Release|Any CPU
	EndGlobalSection
EndGlobal
